
Microsoft Visual Studio Solution File, Format Version 12.00
# Visual Studio Version 17
VisualStudioVersion = 17.4.33205.214
MinimumVisualStudioVersion = 10.0.40219.1
Project("{FAE04EC0-301F-11D3-BF4B-00C04F79EFBC}") = "loop", "loop\loop.csproj", "{2B045444-E3FC-4744-9BAB-56E3D2D1483F}"
EndProject
Global
	GlobalSection(SolutionConfigurationPlatforms) = preSolution
		Debug|Any CPU = Debug|Any CPU
		Release|Any CPU = Release|Any CPU
	EndGlobalSection
	GlobalSection(ProjectConfigurationPlatforms) = postSolution
		{2B045444-E3FC-4744-9BAB-56E3D2D1483F}.Debug|Any CPU.ActiveCfg = Debug|Any CPU
		{2B045444-E3FC-4744-9BAB-56E3D2D1483F}.Debug|Any CPU.Build.0 = Debug|Any CPU
		{2B045444-E3FC-4744-9BAB-56E3D2D1483F}.Release|Any CPU.ActiveCfg = Release|Any CPU
		{2B045444-E3FC-4744-9BAB-56E3D2D1483F}.Release|Any CPU.Build.0 = Release|Any CPU
	EndGlobalSection
	GlobalSection(SolutionProperties) = preSolution
		HideSolutionNode = FALSE
	EndGlobalSection
	GlobalSection(ExtensibilityGlobals) = postSolution
		SolutionGuid = {7D054B4C-70DA-4B00-B1BE-035292666728}
	EndGlobalSection
EndGlobal
